
Microsoft Visual Studio Solution File, Format Version 12.00
# Visual Studio Version 17
VisualStudioVersion = 17.5.33424.131
MinimumVisualStudioVersion = 10.0.40219.1
Project("{9A19103F-16F7-4668-BE54-9A1E7A4F7556}") = "EpicGamesAccountSwitcher", "EpicGamesAccountSwitcher.csproj", "{1722960D-D625-4FAB-884A-FE8B1BE33733}"
EndProject
Project("{54435603-DBB4-11D2-8724-00A0C9A8B90C}") = "Installer", "..\Installer\Installer.vdproj", "{A21891C1-D18A-40CD-9B63-52A79203F05C}"
EndProject
Global
	GlobalSection(SolutionConfigurationPlatforms) = preSolution
		Debug|x64 = Debug|x64
		Release|x64 = Release|x64
	EndGlobalSection
	GlobalSection(ProjectConfigurationPlatforms) = postSolution
		{1722960D-D625-4FAB-884A-FE8B1BE33733}.Debug|x64.ActiveCfg = Debug|x64
		{1722960D-D625-4FAB-884A-FE8B1BE33733}.Debug|x64.Build.0 = Debug|x64
		{1722960D-D625-4FAB-884A-FE8B1BE33733}.Debug|x64.Deploy.0 = Debug|x64
		{1722960D-D625-4FAB-884A-FE8B1BE33733}.Release|x64.ActiveCfg = Debug|x64
		{1722960D-D625-4FAB-884A-FE8B1BE33733}.Release|x64.Build.0 = Debug|x64
		{1722960D-D625-4FAB-884A-FE8B1BE33733}.Release|x64.Deploy.0 = Debug|x64
		{A21891C1-D18A-40CD-9B63-52A79203F05C}.Debug|x64.ActiveCfg = Debug
		{A21891C1-D18A-40CD-9B63-52A79203F05C}.Release|x64.ActiveCfg = Release
	EndGlobalSection
	GlobalSection(SolutionProperties) = preSolution
		HideSolutionNode = FALSE
	EndGlobalSection
	GlobalSection(ExtensibilityGlobals) = postSolution
		SolutionGuid = {7C824B49-8F0F-488D-8538-CF51D2EBBFD7}
	EndGlobalSection
EndGlobal
